{
    "_readme": [
        "This file locks the dependencies of your project to a known state",
        "Read more about it at https://getcomposer.org/doc/01-basic-usage.md#composer-lock-the-lock-file",
        "This file is @generated automatically"
    ],
    "content-hash": "2c68955912dab4cf1711ffa9d1fb9254",
    "packages": [
        {
            "name": "container-interop/container-interop",
            "version": "1.1.0",
            "source": {
                "type": "git",
                "url": "https://github.com/container-interop/container-interop.git",
                "reference": "fc08354828f8fd3245f77a66b9e23a6bca48297e"
            },
            "dist": {
                "type": "zip",
                "url": "https://api.github.com/repos/container-interop/container-interop/zipball/fc08354828f8fd3245f77a66b9e23a6bca48297e",
                "reference": "fc08354828f8fd3245f77a66b9e23a6bca48297e",
                "shasum": ""
            },
            "type": "library",
            "autoload": {
                "psr-4": {
                    "Interop\\Container\\": "src/Interop/Container/"
                }
            },
            "notification-url": "https://packagist.org/downloads/",
            "license": [
                "MIT"
            ],
            "description": "Promoting the interoperability of container objects (DIC, SL, etc.)",
            "time": "2014-12-30T15:22:37+00:00"
        },
        {
            "name": "fig/http-message-util",
            "version": "1.1.0",
            "source": {
                "type": "git",
                "url": "https://github.com/php-fig/http-message-util.git",
                "reference": "70899e53776d4d65fec9f90f0f88ba6c4d0f7b88"
            },
            "dist": {
                "type": "zip",
                "url": "https://api.github.com/repos/php-fig/http-message-util/zipball/70899e53776d4d65fec9f90f0f88ba6c4d0f7b88",
                "reference": "70899e53776d4d65fec9f90f0f88ba6c4d0f7b88",
                "shasum": ""
            },
            "require": {
                "php": "^5.3 || ^7.0",
                "psr/http-message": "^1.0"
            },
            "type": "library",
            "extra": {
                "branch-alias": {
                    "dev-master": "1.1.x-dev"
                }
            },
            "autoload": {
                "psr-4": {
                    "Fig\\Http\\Message\\": "src/"
                }
            },
            "notification-url": "https://packagist.org/downloads/",
            "license": [
                "MIT"
            ],
            "authors": [
                {
                    "name": "PHP-FIG",
                    "homepage": "http://www.php-fig.org/"
                }
            ],
            "description": "Utility classes and constants for use with PSR-7 (psr/http-message)",
            "keywords": [
                "http",
                "http-message",
                "psr",
                "psr-7",
                "request",
                "response"
            ],
            "time": "2016-09-19T14:52:54+00:00"
        },
        {
            "name": "filp/whoops",
            "version": "2.1.5",
            "source": {
                "type": "git",
                "url": "https://github.com/filp/whoops.git",
                "reference": "2abce9d956589122c6443d6265f01cf7e9388e3c"
            },
            "dist": {
                "type": "zip",
                "url": "https://api.github.com/repos/filp/whoops/zipball/2abce9d956589122c6443d6265f01cf7e9388e3c",
                "reference": "2abce9d956589122c6443d6265f01cf7e9388e3c",
                "shasum": ""
            },
            "require": {
                "php": "^5.5.9 || ^7.0"
            },
            "require-dev": {
                "mockery/mockery": "0.9.*",
                "phpunit/phpunit": "^4.8 || ^5.0",
                "symfony/var-dumper": "^2.6 || ^3.0"
            },
            "suggest": {
                "symfony/var-dumper": "Pretty print complex values better with var-dumper available",
                "whoops/soap": "Formats errors as SOAP responses"
            },
            "type": "library",
            "extra": {
                "branch-alias": {
                    "dev-master": "2.0-dev"
                }
            },
            "autoload": {
                "psr-4": {
                    "Whoops\\": "src/Whoops/"
                }
            },
            "notification-url": "https://packagist.org/downloads/",
            "license": [
                "MIT"
            ],
            "authors": [
                {
                    "name": "Filipe Dobreira",
                    "homepage": "https://github.com/filp",
                    "role": "Developer"
                }
            ],
            "description": "php error handling for cool kids",
            "homepage": "https://filp.github.io/whoops/",
            "keywords": [
                "error",
                "exception",
                "handling",
                "library",
                "whoops",
                "zf2"
            ],
            "time": "2016-12-26T16:13:31+00:00"
        },
        {
            "name": "http-interop/http-middleware",
            "version": "0.2.0",
            "source": {
                "type": "git",
                "url": "https://github.com/http-interop/http-middleware.git",
                "reference": "ff545c87e97bf4d88f0cb7eb3e89f99aaa53d7a9"
            },
            "dist": {
                "type": "zip",
                "url": "https://api.github.com/repos/http-interop/http-middleware/zipball/ff545c87e97bf4d88f0cb7eb3e89f99aaa53d7a9",
                "reference": "ff545c87e97bf4d88f0cb7eb3e89f99aaa53d7a9",
                "shasum": ""
            },
            "require": {
                "php": ">=5.3.0",
                "psr/http-message": "^1.0"
            },
            "type": "library",
            "extra": {
                "branch-alias": {
                    "dev-master": "1.0.x-dev"
                }
            },
            "autoload": {
                "psr-4": {
                    "Interop\\Http\\Middleware\\": "src/"
                }
            },
            "notification-url": "https://packagist.org/downloads/",
            "license": [
                "MIT"
            ],
            "authors": [
                {
                    "name": "PHP-FIG",
                    "homepage": "http://www.php-fig.org/"
                }
            ],
            "description": "Common interface for HTTP middleware",
            "keywords": [
                "factory",
                "http",
                "middleware",
                "psr",
                "psr-17",
                "psr-7",
                "request",
                "response"
            ],
            "time": "2016-09-25T13:30:27+00:00"
        },
        {
            "name": "league/container",
            "version": "2.2.0",
            "source": {
                "type": "git",
                "url": "https://github.com/thephpleague/container.git",
                "reference": "c0e7d947b690891f700dc4967ead7bdb3d6708c1"
            },
            "dist": {
                "type": "zip",
                "url": "https://api.github.com/repos/thephpleague/container/zipball/c0e7d947b690891f700dc4967ead7bdb3d6708c1",
                "reference": "c0e7d947b690891f700dc4967ead7bdb3d6708c1",
                "shasum": ""
            },
            "require": {
                "container-interop/container-interop": "^1.1",
                "php": ">=5.4.0"
            },
            "provide": {
                "container-interop/container-interop-implementation": "^1.1"
            },
            "replace": {
                "orno/di": "~2.0"
            },
            "require-dev": {
                "phpunit/phpunit": "4.*"
            },
            "type": "library",
            "extra": {
                "branch-alias": {
                    "dev-master": "2.x-dev",
                    "dev-1.x": "1.x-dev"
                }
            },
            "autoload": {
                "psr-4": {
                    "League\\Container\\": "src"
                }
            },
            "notification-url": "https://packagist.org/downloads/",
            "license": [
                "MIT"
            ],
            "authors": [
                {
                    "name": "Phil Bennett",
                    "email": "philipobenito@gmail.com",
                    "homepage": "http://www.philipobenito.com",
                    "role": "Developer"
                }
            ],
            "description": "A fast and intuitive dependency injection container.",
            "homepage": "https://github.com/thephpleague/container",
            "keywords": [
                "container",
                "dependency",
                "di",
                "injection",
                "league",
                "provider",
                "service"
            ],
            "time": "2016-03-17T11:07:59+00:00"
        },
        {
            "name": "m6web/firewall",
            "version": "v1.0.2",
            "target-dir": "M6Web/Component/Firewall",
            "source": {
                "type": "git",
                "url": "https://github.com/M6Web/Firewall.git",
                "reference": "d255a958f4a7c15ce5a9c95eccf0ba125416d6b9"
            },
            "dist": {
                "type": "zip",
                "url": "https://api.github.com/repos/M6Web/Firewall/zipball/d255a958f4a7c15ce5a9c95eccf0ba125416d6b9",
                "reference": "d255a958f4a7c15ce5a9c95eccf0ba125416d6b9",
                "shasum": ""
            },
            "require": {
                "ext-bcmath": "*",
                "php": ">=5.4.0"
            },
            "require-dev": {
                "atoum/atoum": "@stable"
            },
            "type": "library",
            "autoload": {
                "psr-0": {
                    "M6Web\\Component\\Firewall": ""
                }
            },
            "notification-url": "https://packagist.org/downloads/",
            "license": [
                "MIT"
            ],
            "authors": [
                {
                    "name": "M6Web",
                    "email": "opensource@m6web.fr",
                    "homepage": "http://tech.m6web.fr/"
                }
            ],
            "description": "Library providing IP filtering features",
            "keywords": [
                "IP",
                "filtering",
                "firewall"
            ],
            "time": "2016-10-13T09:50:22+00:00"
        },
        {
            "name": "monolog/monolog",
            "version": "1.22.0",
            "source": {
                "type": "git",
                "url": "https://github.com/Seldaek/monolog.git",
                "reference": "bad29cb8d18ab0315e6c477751418a82c850d558"
            },
            "dist": {
                "type": "zip",
                "url": "https://api.github.com/repos/Seldaek/monolog/zipball/bad29cb8d18ab0315e6c477751418a82c850d558",
                "reference": "bad29cb8d18ab0315e6c477751418a82c850d558",
                "shasum": ""
            },
            "require": {
                "php": ">=5.3.0",
                "psr/log": "~1.0"
            },
            "provide": {
                "psr/log-implementation": "1.0.0"
            },
            "require-dev": {
                "aws/aws-sdk-php": "^2.4.9 || ^3.0",
                "doctrine/couchdb": "~1.0@dev",
                "graylog2/gelf-php": "~1.0",
                "jakub-onderka/php-parallel-lint": "0.9",
                "php-amqplib/php-amqplib": "~2.4",
                "php-console/php-console": "^3.1.3",
                "phpunit/phpunit": "~4.5",
                "phpunit/phpunit-mock-objects": "2.3.0",
                "ruflin/elastica": ">=0.90 <3.0",
                "sentry/sentry": "^0.13",
                "swiftmailer/swiftmailer": "~5.3"
            },
            "suggest": {
                "aws/aws-sdk-php": "Allow sending log messages to AWS services like DynamoDB",
                "doctrine/couchdb": "Allow sending log messages to a CouchDB server",
                "ext-amqp": "Allow sending log messages to an AMQP server (1.0+ required)",
                "ext-mongo": "Allow sending log messages to a MongoDB server",
                "graylog2/gelf-php": "Allow sending log messages to a GrayLog2 server",
                "mongodb/mongodb": "Allow sending log messages to a MongoDB server via PHP Driver",
                "php-amqplib/php-amqplib": "Allow sending log messages to an AMQP server using php-amqplib",
                "php-console/php-console": "Allow sending log messages to Google Chrome",
                "rollbar/rollbar": "Allow sending log messages to Rollbar",
                "ruflin/elastica": "Allow sending log messages to an Elastic Search server",
                "sentry/sentry": "Allow sending log messages to a Sentry server"
            },
            "type": "library",
            "extra": {
                "branch-alias": {
                    "dev-master": "2.0.x-dev"
                }
            },
            "autoload": {
                "psr-4": {
                    "Monolog\\": "src/Monolog"
                }
            },
            "notification-url": "https://packagist.org/downloads/",
            "license": [
                "MIT"
            ],
            "authors": [
                {
                    "name": "Jordi Boggiano",
                    "email": "j.boggiano@seld.be",
                    "homepage": "http://seld.be"
                }
            ],
            "description": "Sends your logs to files, sockets, inboxes, databases and various web services",
            "homepage": "http://github.com/Seldaek/monolog",
            "keywords": [
                "log",
                "logging",
                "psr-3"
            ],
            "time": "2016-11-26T00:15:39+00:00"
        },
        {
            "name": "nikic/fast-route",
            "version": "v1.1.0",
            "source": {
                "type": "git",
                "url": "https://github.com/nikic/FastRoute.git",
                "reference": "f3dcf5130e634b6123d40727d612ec6aa4f61fb3"
            },
            "dist": {
                "type": "zip",
                "url": "https://api.github.com/repos/nikic/FastRoute/zipball/f3dcf5130e634b6123d40727d612ec6aa4f61fb3",
                "reference": "f3dcf5130e634b6123d40727d612ec6aa4f61fb3",
                "shasum": ""
            },
            "require": {
                "php": ">=5.4.0"
            },
            "type": "library",
            "autoload": {
                "psr-4": {
                    "FastRoute\\": "src/"
                },
                "files": [
                    "src/functions.php"
                ]
            },
            "notification-url": "https://packagist.org/downloads/",
            "license": [
                "BSD-3-Clause"
            ],
            "authors": [
                {
                    "name": "Nikita Popov",
                    "email": "nikic@php.net"
                }
            ],
            "description": "Fast request router for PHP",
            "keywords": [
                "router",
                "routing"
            ],
            "time": "2016-10-20T17:36:47+00:00"
        },
        {
            "name": "oscarotero/psr7-middlewares",
            "version": "v3.19.0",
            "source": {
                "type": "git",
                "url": "https://github.com/oscarotero/psr7-middlewares.git",
                "reference": "1ab411ce7a665f1c8b0e2a5d21fa33f4edf5ebfd"
            },
            "dist": {
                "type": "zip",
                "url": "https://api.github.com/repos/oscarotero/psr7-middlewares/zipball/1ab411ce7a665f1c8b0e2a5d21fa33f4edf5ebfd",
                "reference": "1ab411ce7a665f1c8b0e2a5d21fa33f4edf5ebfd",
                "shasum": ""
            },
            "require": {
                "php": ">=5.5.0"
            },
            "require-dev": {
                "aura/router": "^3.0",
                "aura/session": "2.*",
                "ext-mcrypt": "*",
                "filp/whoops": "2.*",
                "friendsofphp/php-cs-fixer": "^1.12",
                "google/recaptcha": "^1.1",
                "imagecow/imagecow": "^2.0",
                "justinrainbow/json-schema": ">=3.0",
                "league/route": "^2.0",
                "m6web/firewall": "~1.0",
                "matthiasmullie/scrapbook": "^1.0.1",
                "maximebf/debugbar": "~1.11",
                "micheh/psr7-cache": "^0.5.0",
                "mikey179/vfsstream": "^1.6",
                "mobiledetect/mobiledetectlib": "^2.8",
                "monolog/monolog": "^1.17",
                "mrclay/minify": "^2.2",
                "neomerx/cors-psr7": "^1.0",
                "nikic/fast-route": "^0.7",
                "paragonie/csp-builder": "^1.3",
                "phpunit/phpunit": ">=4.8",
                "piwik/referrer-spam-blacklist": "^1.0",
                "ramsey/uuid": "^3.1",
                "relay/relay": "1.*",
                "willdurand/geocoder": "^3.2",
                "willdurand/negotiation": "~2.0",
                "zendframework/zend-diactoros": "1.*"
            },
            "suggest": {
                "aura/router": "To use AuraRouter",
                "aura/session": "To use AuraSession",
                "filp/whoops": "To use Whoops",
                "google/recaptcha": "To use Recaptcha",
                "imagecow/imagecow": "To use ImageTransformer",
                "justinrainbow/json-schema": "To validate JSON with route-matched schemas.",
                "league/route": "To use LeagueRoute",
                "m6web/firewall": "To use Firewall",
                "maximebf/debugbar": "To use DebugBar",
                "micheh/psr7-cache": "To use Cache",
                "mobiledetect/mobiledetectlib": "To use DetectDevice",
                "mrclay/minify": "To use Minify",
                "neomerx/cors-psr7": "To use Cors",
                "nikic/fast-route": "To use FastRoute",
                "paragonie/csp-builder": "To use Csp",
                "piwik/referrer-spam-blacklist": "To use BlockSpam",
                "psr/cache-implementation": "To use Cache",
                "psr/log-implementation": "To use AccessLog",
                "ramsey/uuid": "To use Uuid",
                "willdurand/geocoder": "To use Geolocate",
                "willdurand/negotiation": "To use FormatNegotiator, LanguageNegotiator and EncodingNegotiator"
            },
            "type": "library",
            "autoload": {
                "psr-4": {
                    "Psr7Middlewares\\": "src/"
                }
            },
            "notification-url": "https://packagist.org/downloads/",
            "license": [
                "MIT"
            ],
            "authors": [
                {
                    "name": "Oscar Otero",
                    "email": "oom@oscarotero.com",
                    "homepage": "http://oscarotero.com",
                    "role": "Developer"
                }
            ],
            "description": "Collection of HTTP middlewares compatible with PSR-7",
            "homepage": "https://github.com/oscarotero/psr7-middlewares",
            "keywords": [
                "http",
                "middlewares",
                "psr-7",
                "psr-messages"
            ],
            "time": "2017-01-04T20:39:41+00:00"
        },
        {
            "name": "psr/http-message",
            "version": "1.0.1",
            "source": {
                "type": "git",
                "url": "https://github.com/php-fig/http-message.git",
                "reference": "f6561bf28d520154e4b0ec72be95418abe6d9363"
            },
            "dist": {
                "type": "zip",
                "url": "https://api.github.com/repos/php-fig/http-message/zipball/f6561bf28d520154e4b0ec72be95418abe6d9363",
                "reference": "f6561bf28d520154e4b0ec72be95418abe6d9363",
                "shasum": ""
            },
            "require": {
                "php": ">=5.3.0"
            },
            "type": "library",
            "extra": {
                "branch-alias": {
                    "dev-master": "1.0.x-dev"
                }
            },
            "autoload": {
                "psr-4": {
                    "Psr\\Http\\Message\\": "src/"
                }
            },
            "notification-url": "https://packagist.org/downloads/",
            "license": [
                "MIT"
            ],
            "authors": [
                {
                    "name": "PHP-FIG",
                    "homepage": "http://www.php-fig.org/"
                }
            ],
            "description": "Common interface for HTTP messages",
            "homepage": "https://github.com/php-fig/http-message",
            "keywords": [
                "http",
                "http-message",
                "psr",
                "psr-7",
                "request",
                "response"
            ],
            "time": "2016-08-06T14:39:51+00:00"
        },
        {
            "name": "psr/log",
            "version": "1.0.2",
            "source": {
                "type": "git",
                "url": "https://github.com/php-fig/log.git",
                "reference": "4ebe3a8bf773a19edfe0a84b6585ba3d401b724d"
            },
            "dist": {
                "type": "zip",
                "url": "https://api.github.com/repos/php-fig/log/zipball/4ebe3a8bf773a19edfe0a84b6585ba3d401b724d",
                "reference": "4ebe3a8bf773a19edfe0a84b6585ba3d401b724d",
                "shasum": ""
            },
            "require": {
                "php": ">=5.3.0"
            },
            "type": "library",
            "extra": {
                "branch-alias": {
                    "dev-master": "1.0.x-dev"
                }
            },
            "autoload": {
                "psr-4": {
                    "Psr\\Log\\": "Psr/Log/"
                }
            },
            "notification-url": "https://packagist.org/downloads/",
            "license": [
                "MIT"
            ],
            "authors": [
                {
                    "name": "PHP-FIG",
                    "homepage": "http://www.php-fig.org/"
                }
            ],
            "description": "Common interface for logging libraries",
            "homepage": "https://github.com/php-fig/log",
            "keywords": [
                "log",
                "psr",
                "psr-3"
            ],
            "time": "2016-10-10T12:19:37+00:00"
        },
        {
            "name": "symfony/console",
            "version": "v3.2.2",
            "source": {
                "type": "git",
                "url": "https://github.com/symfony/console.git",
                "reference": "4f9e449e76996adf310498a8ca955c6deebe29dd"
            },
            "dist": {
                "type": "zip",
                "url": "https://api.github.com/repos/symfony/console/zipball/4f9e449e76996adf310498a8ca955c6deebe29dd",
                "reference": "4f9e449e76996adf310498a8ca955c6deebe29dd",
                "shasum": ""
            },
            "require": {
                "php": ">=5.5.9",
                "symfony/debug": "~2.8|~3.0",
                "symfony/polyfill-mbstring": "~1.0"
            },
            "require-dev": {
                "psr/log": "~1.0",
                "symfony/event-dispatcher": "~2.8|~3.0",
                "symfony/filesystem": "~2.8|~3.0",
                "symfony/process": "~2.8|~3.0"
            },
            "suggest": {
                "psr/log": "For using the console logger",
                "symfony/event-dispatcher": "",
                "symfony/filesystem": "",
                "symfony/process": ""
            },
            "type": "library",
            "extra": {
                "branch-alias": {
                    "dev-master": "3.2-dev"
                }
            },
            "autoload": {
                "psr-4": {
                    "Symfony\\Component\\Console\\": ""
                },
                "exclude-from-classmap": [
                    "/Tests/"
                ]
            },
            "notification-url": "https://packagist.org/downloads/",
            "license": [
                "MIT"
            ],
            "authors": [
                {
                    "name": "Fabien Potencier",
                    "email": "fabien@symfony.com"
                },
                {
                    "name": "Symfony Community",
                    "homepage": "https://symfony.com/contributors"
                }
            ],
            "description": "Symfony Console Component",
            "homepage": "https://symfony.com",
            "time": "2017-01-08T20:47:33+00:00"
        },
        {
            "name": "symfony/debug",
            "version": "v3.2.2",
            "source": {
                "type": "git",
                "url": "https://github.com/symfony/debug.git",
                "reference": "810ba5c1c5352a4ddb15d4719e8936751dff0b05"
            },
            "dist": {
                "type": "zip",
                "url": "https://api.github.com/repos/symfony/debug/zipball/810ba5c1c5352a4ddb15d4719e8936751dff0b05",
                "reference": "810ba5c1c5352a4ddb15d4719e8936751dff0b05",
                "shasum": ""
            },
            "require": {
                "php": ">=5.5.9",
                "psr/log": "~1.0"
            },
            "conflict": {
                "symfony/http-kernel": ">=2.3,<2.3.24|~2.4.0|>=2.5,<2.5.9|>=2.6,<2.6.2"
            },
            "require-dev": {
                "symfony/class-loader": "~2.8|~3.0",
                "symfony/http-kernel": "~2.8|~3.0"
            },
            "type": "library",
            "extra": {
                "branch-alias": {
                    "dev-master": "3.2-dev"
                }
            },
            "autoload": {
                "psr-4": {
                    "Symfony\\Component\\Debug\\": ""
                },
                "exclude-from-classmap": [
                    "/Tests/"
                ]
            },
            "notification-url": "https://packagist.org/downloads/",
            "license": [
                "MIT"
            ],
            "authors": [
                {
                    "name": "Fabien Potencier",
                    "email": "fabien@symfony.com"
                },
                {
                    "name": "Symfony Community",
                    "homepage": "https://symfony.com/contributors"
                }
            ],
            "description": "Symfony Debug Component",
            "homepage": "https://symfony.com",
            "time": "2017-01-02T20:32:22+00:00"
        },
        {
            "name": "symfony/polyfill-mbstring",
            "version": "v1.3.0",
            "source": {
                "type": "git",
                "url": "https://github.com/symfony/polyfill-mbstring.git",
                "reference": "e79d363049d1c2128f133a2667e4f4190904f7f4"
            },
            "dist": {
                "type": "zip",
                "url": "https://api.github.com/repos/symfony/polyfill-mbstring/zipball/e79d363049d1c2128f133a2667e4f4190904f7f4",
                "reference": "e79d363049d1c2128f133a2667e4f4190904f7f4",
                "shasum": ""
            },
            "require": {
                "php": ">=5.3.3"
            },
            "suggest": {
                "ext-mbstring": "For best performance"
            },
            "type": "library",
            "extra": {
                "branch-alias": {
                    "dev-master": "1.3-dev"
                }
            },
            "autoload": {
                "psr-4": {
                    "Symfony\\Polyfill\\Mbstring\\": ""
                },
                "files": [
                    "bootstrap.php"
                ]
            },
            "notification-url": "https://packagist.org/downloads/",
            "license": [
                "MIT"
            ],
            "authors": [
                {
                    "name": "Nicolas Grekas",
                    "email": "p@tchwork.com"
                },
                {
                    "name": "Symfony Community",
                    "homepage": "https://symfony.com/contributors"
                }
            ],
            "description": "Symfony polyfill for the Mbstring extension",
            "homepage": "https://symfony.com",
            "keywords": [
                "compatibility",
                "mbstring",
                "polyfill",
                "portable",
                "shim"
            ],
            "time": "2016-11-14T01:06:16+00:00"
        },
        {
            "name": "symfony/yaml",
            "version": "v3.2.2",
            "source": {
                "type": "git",
                "url": "https://github.com/symfony/yaml.git",
                "reference": "50eadbd7926e31842893c957eca362b21592a97d"
            },
            "dist": {
                "type": "zip",
                "url": "https://api.github.com/repos/symfony/yaml/zipball/50eadbd7926e31842893c957eca362b21592a97d",
                "reference": "50eadbd7926e31842893c957eca362b21592a97d",
                "shasum": ""
            },
            "require": {
                "php": ">=5.5.9"
            },
            "require-dev": {
                "symfony/console": "~2.8|~3.0"
            },
            "suggest": {
                "symfony/console": "For validating YAML files using the lint command"
            },
            "type": "library",
            "extra": {
                "branch-alias": {
                    "dev-master": "3.2-dev"
                }
            },
            "autoload": {
                "psr-4": {
                    "Symfony\\Component\\Yaml\\": ""
                },
                "exclude-from-classmap": [
                    "/Tests/"
                ]
            },
            "notification-url": "https://packagist.org/downloads/",
            "license": [
                "MIT"
            ],
            "authors": [
                {
                    "name": "Fabien Potencier",
                    "email": "fabien@symfony.com"
                },
                {
                    "name": "Symfony Community",
                    "homepage": "https://symfony.com/contributors"
                }
            ],
            "description": "Symfony Yaml Component",
            "homepage": "https://symfony.com",
            "time": "2017-01-03T13:51:32+00:00"
        },
        {
            "name": "zendframework/zend-diactoros",
            "version": "1.3.10",
            "source": {
                "type": "git",
                "url": "https://github.com/zendframework/zend-diactoros.git",
                "reference": "83e8d98b9915de76c659ce27d683c02a0f99fa90"
            },
            "dist": {
                "type": "zip",
                "url": "https://api.github.com/repos/zendframework/zend-diactoros/zipball/83e8d98b9915de76c659ce27d683c02a0f99fa90",
                "reference": "83e8d98b9915de76c659ce27d683c02a0f99fa90",
                "shasum": ""
            },
            "require": {
                "php": "^5.4 || ^7.0",
                "psr/http-message": "~1.0"
            },
            "provide": {
                "psr/http-message-implementation": "~1.0.0"
            },
            "require-dev": {
                "phpunit/phpunit": "^4.6 || ^5.5",
                "zendframework/zend-coding-standard": "~1.0.0"
            },
            "type": "library",
            "extra": {
                "branch-alias": {
                    "dev-master": "1.3-dev",
                    "dev-develop": "1.4-dev"
                }
            },
            "autoload": {
                "psr-4": {
                    "Zend\\Diactoros\\": "src/"
                }
            },
            "notification-url": "https://packagist.org/downloads/",
            "license": [
                "BSD-2-Clause"
            ],
            "description": "PSR HTTP Message implementations",
            "homepage": "https://github.com/zendframework/zend-diactoros",
            "keywords": [
                "http",
                "psr",
                "psr-7"
            ],
            "time": "2017-01-23T04:53:24+00:00"
        },
        {
            "name": "zendframework/zend-escaper",
            "version": "2.5.2",
            "source": {
                "type": "git",
                "url": "https://github.com/zendframework/zend-escaper.git",
                "reference": "2dcd14b61a72d8b8e27d579c6344e12c26141d4e"
            },
            "dist": {
                "type": "zip",
                "url": "https://api.github.com/repos/zendframework/zend-escaper/zipball/2dcd14b61a72d8b8e27d579c6344e12c26141d4e",
                "reference": "2dcd14b61a72d8b8e27d579c6344e12c26141d4e",
                "shasum": ""
            },
            "require": {
                "php": ">=5.5"
            },
            "require-dev": {
                "fabpot/php-cs-fixer": "1.7.*",
                "phpunit/phpunit": "~4.0"
            },
            "type": "library",
            "extra": {
                "branch-alias": {
                    "dev-master": "2.5-dev",
                    "dev-develop": "2.6-dev"
                }
            },
            "autoload": {
                "psr-4": {
                    "Zend\\Escaper\\": "src/"
                }
            },
            "notification-url": "https://packagist.org/downloads/",
            "license": [
                "BSD-3-Clause"
            ],
            "homepage": "https://github.com/zendframework/zend-escaper",
            "keywords": [
                "escaper",
                "zf2"
            ],
            "time": "2016-06-30T19:48:38+00:00"
        },
        {
            "name": "zendframework/zend-expressive",
            "version": "1.0.6",
            "source": {
                "type": "git",
                "url": "https://github.com/zendframework/zend-expressive.git",
                "reference": "b315ea9269ea3ee2e5fd3adb712fc278a2904eb1"
            },
            "dist": {
                "type": "zip",
                "url": "https://api.github.com/repos/zendframework/zend-expressive/zipball/b315ea9269ea3ee2e5fd3adb712fc278a2904eb1",
                "reference": "b315ea9269ea3ee2e5fd3adb712fc278a2904eb1",
                "shasum": ""
            },
            "require": {
                "container-interop/container-interop": "^1.1",
                "php": "^5.6 || ^7.0",
                "psr/http-message": "^1.0",
                "zendframework/zend-diactoros": "^1.1",
                "zendframework/zend-expressive-router": "^1.1",
                "zendframework/zend-expressive-template": "^1.0.1",
                "zendframework/zend-stratigility": ">=1.1.0 < 1.3.0 || >=1.3.1 <2.0.0"
            },
            "require-dev": {
                "filp/whoops": "^1.1 || ^2.0",
                "malukenho/docheader": "^0.1.5",
                "phpunit/phpunit": "^4.7",
                "zendframework/zend-coding-standard": "~1.0.0",
                "zendframework/zend-expressive-aurarouter": "^1.0",
                "zendframework/zend-expressive-fastroute": "^1.0",
                "zendframework/zend-expressive-zendrouter": "^1.0",
                "zendframework/zend-servicemanager": "^2.6"
            },
            "suggest": {
                "aura/di": "3.0.*@beta to make use of Aura.Di dependency injection container",
                "filp/whoops": "^2.0 to use the Whoops error handler",
                "xtreamwayz/pimple-container-interop": "^1.0 to use Pimple for dependency injection",
                "zendframework/zend-expressive-helpers": "^1.0 for its UrlHelper, ServerUrlHelper, and BodyParseMiddleware",
                "zendframework/zend-servicemanager": "^2.5 to use zend-servicemanager for dependency injection"
            },
            "type": "library",
            "extra": {
                "branch-alias": {
                    "dev-master": "1.0-dev",
                    "dev-develop": "1.1-dev"
                }
            },
            "autoload": {
                "psr-4": {
                    "Zend\\Expressive\\": "src/"
                }
            },
            "notification-url": "https://packagist.org/downloads/",
            "license": [
                "BSD-3-Clause"
            ],
            "description": "PSR-7 Middleware Microframework based on Stratigility",
            "keywords": [
                "http",
                "middleware",
                "psr",
                "psr-7"
            ],
            "time": "2017-01-09T16:08:29+00:00"
        },
        {
            "name": "zendframework/zend-expressive-fastroute",
            "version": "1.3.0",
            "source": {
                "type": "git",
                "url": "https://github.com/zendframework/zend-expressive-fastroute.git",
                "reference": "825c93ff72c0f629bb427a6da8ebfe9d4735c296"
            },
            "dist": {
                "type": "zip",
                "url": "https://api.github.com/repos/zendframework/zend-expressive-fastroute/zipball/825c93ff72c0f629bb427a6da8ebfe9d4735c296",
                "reference": "825c93ff72c0f629bb427a6da8ebfe9d4735c296",
                "shasum": ""
            },
            "require": {
                "fig/http-message-util": "^1.1",
                "nikic/fast-route": "^1.0.0",
                "php": "^5.6 || ^7.0",
                "psr/http-message": "^1.0",
                "zendframework/zend-expressive-router": "^1.3.2"
            },
            "require-dev": {
                "malukenho/docheader": "^0.1.5",
                "phpunit/phpunit": "^4.7 || ^5.6",
                "zendframework/zend-coding-standard": "~1.0.0"
            },
            "type": "library",
            "extra": {
                "branch-alias": {
                    "dev-master": "1.3-dev",
                    "dev-develop": "1.4-dev"
                }
            },
            "autoload": {
                "psr-4": {
                    "Zend\\Expressive\\Router\\": "src/"
                }
            },
            "notification-url": "https://packagist.org/downloads/",
            "license": [
                "BSD-3-Clause"
            ],
            "description": "FastRoute integration for Expressive",
            "keywords": [
                "FastRoute",
                "expressive",
                "http",
                "middleware",
                "psr",
                "psr-7"
            ],
            "time": "2016-12-14T19:47:05+00:00"
        },
        {
            "name": "zendframework/zend-expressive-router",
            "version": "1.3.2",
            "source": {
                "type": "git",
                "url": "https://github.com/zendframework/zend-expressive-router.git",
                "reference": "50c9e4dff0cf65d9937c56b597c530e1bf5f8ef0"
            },
            "dist": {
                "type": "zip",
                "url": "https://api.github.com/repos/zendframework/zend-expressive-router/zipball/50c9e4dff0cf65d9937c56b597c530e1bf5f8ef0",
                "reference": "50c9e4dff0cf65d9937c56b597c530e1bf5f8ef0",
                "shasum": ""
            },
            "require": {
                "fig/http-message-util": "^1.1",
                "php": "^5.6 || ^7.0",
                "psr/http-message": "^1.0"
            },
            "require-dev": {
                "malukenho/docheader": "^0.1.5",
                "phpunit/phpunit": "^4.7 || ^5.6",
                "zendframework/zend-coding-standard": "~1.0.0"
            },
            "suggest": {
                "zendframework/zend-expressive-aurarouter": "^1.0 to use the Aura.Router routing adapter",
                "zendframework/zend-expressive-fastroute": "^1.2 to use the FastRoute routing adapter",
                "zendframework/zend-expressive-zendrouter": "^1.2 to use the zend-router routing adapter"
            },
            "type": "library",
            "extra": {
                "branch-alias": {
                    "dev-master": "1.3.x-dev",
                    "dev-develop": "2.0.x-dev"
                }
            },
            "autoload": {
                "psr-4": {
                    "Zend\\Expressive\\Router\\": "src/"
                }
            },
            "notification-url": "https://packagist.org/downloads/",
            "license": [
                "BSD-3-Clause"
            ],
            "description": "Router subcomponent for Expressive",
            "keywords": [
                "expressive",
                "http",
                "middleware",
                "psr",
                "psr-7"
            ],
            "time": "2016-12-14T13:49:15+00:00"
        },
        {
            "name": "zendframework/zend-expressive-template",
            "version": "1.0.4",
            "source": {
                "type": "git",
                "url": "https://github.com/zendframework/zend-expressive-template.git",
                "reference": "23922f96b32ab6e64fc551ec06b81fd047828765"
            },
            "dist": {
                "type": "zip",
                "url": "https://api.github.com/repos/zendframework/zend-expressive-template/zipball/23922f96b32ab6e64fc551ec06b81fd047828765",
                "reference": "23922f96b32ab6e64fc551ec06b81fd047828765",
                "shasum": ""
            },
            "require": {
                "php": ">=5.5"
            },
            "require-dev": {
                "phpunit/phpunit": "^4.7",
                "zendframework/zend-coding-standard": "~1.0.0"
            },
            "suggest": {
                "zendframework/zend-expressive-platesrenderer": "^0.1 to use the Plates template renderer",
                "zendframework/zend-expressive-twigrenderer": "^0.1 to use the Twig template renderer",
                "zendframework/zend-expressive-zendviewrenderer": "^0.1 to use the zend-view PhpRenderer template renderer"
            },
            "type": "library",
            "extra": {
                "branch-alias": {
                    "dev-master": "1.0-dev",
                    "dev-develop": "1.1-dev"
                }
            },
            "autoload": {
                "psr-4": {
                    "Zend\\Expressive\\Template\\": "src/"
                }
            },
            "notification-url": "https://packagist.org/downloads/",
            "license": [
                "BSD-3-Clause"
            ],
            "description": "Template subcomponent for Expressive",
            "keywords": [
                "expressive",
                "template"
            ],
            "time": "2017-01-11T18:42:34+00:00"
        },
        {
            "name": "zendframework/zend-stratigility",
            "version": "1.3.3",
            "source": {
                "type": "git",
                "url": "https://github.com/zendframework/zend-stratigility.git",
                "reference": "2c4120d2af215c8261a36e0bc3aa8e179e05e148"
            },
            "dist": {
                "type": "zip",
                "url": "https://api.github.com/repos/zendframework/zend-stratigility/zipball/2c4120d2af215c8261a36e0bc3aa8e179e05e148",
                "reference": "2c4120d2af215c8261a36e0bc3aa8e179e05e148",
                "shasum": ""
            },
            "require": {
                "http-interop/http-middleware": "^0.2.0",
                "php": "^5.6 || ^7.0",
                "psr/http-message": "^1.0",
                "zendframework/zend-escaper": "^2.3"
            },
            "require-dev": {
                "phpunit/phpunit": "^5.6",
                "zendframework/zend-coding-standard": "~1.0.0",
                "zendframework/zend-diactoros": "^1.0"
            },
            "suggest": {
                "psr/http-message-implementation": "Please install a psr/http-message-implementation to consume Stratigility; e.g., zendframework/zend-diactoros"
            },
            "type": "library",
            "extra": {
                "branch-alias": {
                    "dev-master": "1.3.0-dev",
                    "dev-develop": "2.0.0-dev"
                }
            },
            "autoload": {
                "psr-4": {
                    "Zend\\Stratigility\\": "src/"
                }
            },
            "notification-url": "https://packagist.org/downloads/",
            "license": [
                "BSD-3-Clause"
            ],
            "description": "Middleware for PHP",
            "homepage": "https://github.com/zendframework/zend-stratigility",
            "keywords": [
                "http",
                "middleware",
                "psr-7"
            ],
            "time": "2017-01-23T22:59:03+00:00"
        }
    ],
    "packages-dev": [],
    "aliases": [],
    "minimum-stability": "stable",
    "stability-flags": [],
    "prefer-stable": false,
    "prefer-lowest": false,
    "platform": [],
    "platform-dev": []
}
